
Microsoft Visual Studio Solution File, Format Version 12.00
# Visual Studio Version 17
VisualStudioVersion = 17.13.35825.156
MinimumVisualStudioVersion = 10.0.40219.1
Project("{FAE04EC0-301F-11D3-BF4B-00C04F79EFBC}") = "MauiAppCompras", "MauiAppCompras\MauiAppCompras.csproj", "{30290CCB-131D-4272-886D-4550742813C0}"
EndProject
Global
	GlobalSection(SolutionConfigurationPlatforms) = preSolution
		Debug|Any CPU = Debug|Any CPU
		Release|Any CPU = Release|Any CPU
	EndGlobalSection
	GlobalSection(ProjectConfigurationPlatforms) = postSolution
		{30290CCB-131D-4272-886D-4550742813C0}.Debug|Any CPU.ActiveCfg = Debug|Any CPU
		{30290CCB-131D-4272-886D-4550742813C0}.Debug|Any CPU.Build.0 = Debug|Any CPU
		{30290CCB-131D-4272-886D-4550742813C0}.Debug|Any CPU.Deploy.0 = Debug|Any CPU
		{30290CCB-131D-4272-886D-4550742813C0}.Release|Any CPU.ActiveCfg = Release|Any CPU
		{30290CCB-131D-4272-886D-4550742813C0}.Release|Any CPU.Build.0 = Release|Any CPU
		{30290CCB-131D-4272-886D-4550742813C0}.Release|Any CPU.Deploy.0 = Release|Any CPU
	EndGlobalSection
	GlobalSection(SolutionProperties) = preSolution
		HideSolutionNode = FALSE
	EndGlobalSection
	GlobalSection(ExtensibilityGlobals) = postSolution
		SolutionGuid = {58DBFAF7-BEB4-4FE2-BD6D-F9FA00AD2DCF}
	EndGlobalSection
EndGlobal
